# @generated by Move, please check-in and do not edit manually.

[move]
version = 3
manifest_digest = "AD0C564F52D1DCEDD2796389BD8E016EC6FF9B5D9638AADA8DC8A40755446E6E"
deps_digest = "F8BBB0CCB2491CA29A3DF03D6F92277A4F3574266507ACD77214D37ECA3F3082"
dependencies = [
  { id = "Sui", name = "Sui" },
]

[[move.package]]
id = "MoveStdlib"
source = { git = "https://github.com/MystenLabs/sui.git", rev = "framework/mainnet", subdir = "crates\\sui-framework\\packages\\move-stdlib" }

[[move.package]]
id = "Sui"
source = { git = "https://github.com/MystenLabs/sui.git", rev = "framework/mainnet", subdir = "crates/sui-framework/packages/sui-framework" }

dependencies = [
  { id = "MoveStdlib", name = "MoveStdlib" },
]

[move.toolchain-version]
compiler-version = "1.58.2"
edition = "2024.beta"
flavor = "sui"

[env]

[env.mainnet]
chain-id = "35834a8a"
original-published-id = "0x64270bf23b9c3c6e3f43fe7d25415868c1b60bf990d9993842382aff685f13ce"
latest-published-id = "0x64270bf23b9c3c6e3f43fe7d25415868c1b60bf990d9993842382aff685f13ce"
published-version = "1"
